
Microsoft Visual Studio Solution File, Format Version 12.00
# Visual Studio Version 16
VisualStudioVersion = 16.0.30309.148
MinimumVisualStudioVersion = 10.0.40219.1
Project("{FAE04EC0-301F-11D3-BF4B-00C04F79EFBC}") = "Wf04_2_t01", "Wf04_2_t01.csproj", "{4141AEA1-C3D5-468A-8D18-FB362927F495}"
EndProject
Global
	GlobalSection(SolutionConfigurationPlatforms) = preSolution
		Debug|Any CPU = Debug|Any CPU
		Release|Any CPU = Release|Any CPU
	EndGlobalSection
	GlobalSection(ProjectConfigurationPlatforms) = postSolution
		{4141AEA1-C3D5-468A-8D18-FB362927F495}.Debug|Any CPU.ActiveCfg = Debug|Any CPU
		{4141AEA1-C3D5-468A-8D18-FB362927F495}.Debug|Any CPU.Build.0 = Debug|Any CPU
		{4141AEA1-C3D5-468A-8D18-FB362927F495}.Release|Any CPU.ActiveCfg = Release|Any CPU
		{4141AEA1-C3D5-468A-8D18-FB362927F495}.Release|Any CPU.Build.0 = Release|Any CPU
	EndGlobalSection
	GlobalSection(SolutionProperties) = preSolution
		HideSolutionNode = FALSE
	EndGlobalSection
	GlobalSection(ExtensibilityGlobals) = postSolution
		SolutionGuid = {445AEF67-EE96-49F2-9324-7EFF1A05E3F2}
	EndGlobalSection
EndGlobal
