
Microsoft Visual Studio Solution File, Format Version 12.00
# Visual Studio Version 16
VisualStudioVersion = 16.0.30309.148
MinimumVisualStudioVersion = 10.0.40219.1
Project("{FAE04EC0-301F-11D3-BF4B-00C04F79EFBC}") = "Wf04_2_t02", "Wf04_2_t02.csproj", "{84CD9BB8-7FFA-4AC5-B1A0-5FFF7B98438B}"
EndProject
Global
	GlobalSection(SolutionConfigurationPlatforms) = preSolution
		Debug|Any CPU = Debug|Any CPU
		Release|Any CPU = Release|Any CPU
	EndGlobalSection
	GlobalSection(ProjectConfigurationPlatforms) = postSolution
		{84CD9BB8-7FFA-4AC5-B1A0-5FFF7B98438B}.Debug|Any CPU.ActiveCfg = Debug|Any CPU
		{84CD9BB8-7FFA-4AC5-B1A0-5FFF7B98438B}.Debug|Any CPU.Build.0 = Debug|Any CPU
		{84CD9BB8-7FFA-4AC5-B1A0-5FFF7B98438B}.Release|Any CPU.ActiveCfg = Release|Any CPU
		{84CD9BB8-7FFA-4AC5-B1A0-5FFF7B98438B}.Release|Any CPU.Build.0 = Release|Any CPU
	EndGlobalSection
	GlobalSection(SolutionProperties) = preSolution
		HideSolutionNode = FALSE
	EndGlobalSection
	GlobalSection(ExtensibilityGlobals) = postSolution
		SolutionGuid = {825FBBA8-1272-4E11-B82E-836B762354B4}
	EndGlobalSection
EndGlobal
